
Microsoft Visual Studio Solution File, Format Version 12.00
# Visual Studio Version 16
VisualStudioVersion = 16.0.32106.194
MinimumVisualStudioVersion = 10.0.40219.1
Project("{FAE04EC0-301F-11D3-BF4B-00C04F79EFBC}") = "TaskAPI", "TaskAPI\TaskAPI.csproj", "{5B9A4797-B989-49CD-B63B-7BC7647E26CB}"
EndProject
Global
	GlobalSection(SolutionConfigurationPlatforms) = preSolution
		Debug|Any CPU = Debug|Any CPU
		Release|Any CPU = Release|Any CPU
	EndGlobalSection
	GlobalSection(ProjectConfigurationPlatforms) = postSolution
		{5B9A4797-B989-49CD-B63B-7BC7647E26CB}.Debug|Any CPU.ActiveCfg = Debug|Any CPU
		{5B9A4797-B989-49CD-B63B-7BC7647E26CB}.Debug|Any CPU.Build.0 = Debug|Any CPU
		{5B9A4797-B989-49CD-B63B-7BC7647E26CB}.Release|Any CPU.ActiveCfg = Release|Any CPU
		{5B9A4797-B989-49CD-B63B-7BC7647E26CB}.Release|Any CPU.Build.0 = Release|Any CPU
	EndGlobalSection
	GlobalSection(SolutionProperties) = preSolution
		HideSolutionNode = FALSE
	EndGlobalSection
	GlobalSection(ExtensibilityGlobals) = postSolution
		SolutionGuid = {849A408D-90A0-4311-A57F-E4AD87A616DB}
	EndGlobalSection
EndGlobal
